
Microsoft Visual Studio Solution File, Format Version 12.00
# Visual Studio Version 17
VisualStudioVersion = 17.4.33213.308
MinimumVisualStudioVersion = 10.0.40219.1
Project("{888888A0-9F3D-457C-B088-3A5042F75D52}") = "GB_PyNote", "GB_PyNote\GB_PyNote.pyproj", "{93EF5EA3-63FF-407E-BB65-1B43FA7C4BA3}"
EndProject
Global
	GlobalSection(SolutionConfigurationPlatforms) = preSolution
		Debug|Any CPU = Debug|Any CPU
		Release|Any CPU = Release|Any CPU
	EndGlobalSection
	GlobalSection(ProjectConfigurationPlatforms) = postSolution
		{93EF5EA3-63FF-407E-BB65-1B43FA7C4BA3}.Debug|Any CPU.ActiveCfg = Debug|Any CPU
		{93EF5EA3-63FF-407E-BB65-1B43FA7C4BA3}.Release|Any CPU.ActiveCfg = Release|Any CPU
	EndGlobalSection
	GlobalSection(SolutionProperties) = preSolution
		HideSolutionNode = FALSE
	EndGlobalSection
	GlobalSection(ExtensibilityGlobals) = postSolution
		SolutionGuid = {72D0E0C3-27A5-4AE5-8146-BBEF4BBE11DB}
	EndGlobalSection
EndGlobal
